
Microsoft Visual Studio Solution File, Format Version 11.00
# Visual Studio 2010
Project("{FAE04EC0-301F-11D3-BF4B-00C04F79EFBC}") = "Hangman3d", "Assembly-CSharp.csproj", "{9C93F9B8-A660-5637-30BD-1FAF8FB9FB41}"
EndProject
Project("{FAE04EC0-301F-11D3-BF4B-00C04F79EFBC}") = "Hangman3d", "Assembly-CSharp-Editor.csproj", "{6844C2DB-CCAB-3B32-6942-99B57D72F860}"
EndProject
Global
	GlobalSection(SolutionConfigurationPlatforms) = preSolution
		Debug|Any CPU = Debug|Any CPU
		Release|Any CPU = Release|Any CPU
	EndGlobalSection
	GlobalSection(ProjectConfigurationPlatforms) = postSolution
		{9C93F9B8-A660-5637-30BD-1FAF8FB9FB41}.Debug|Any CPU.ActiveCfg = Debug|Any CPU
		{9C93F9B8-A660-5637-30BD-1FAF8FB9FB41}.Debug|Any CPU.Build.0 = Debug|Any CPU
		{9C93F9B8-A660-5637-30BD-1FAF8FB9FB41}.Release|Any CPU.ActiveCfg = Release|Any CPU
		{9C93F9B8-A660-5637-30BD-1FAF8FB9FB41}.Release|Any CPU.Build.0 = Release|Any CPU
		{6844C2DB-CCAB-3B32-6942-99B57D72F860}.Debug|Any CPU.ActiveCfg = Debug|Any CPU
		{6844C2DB-CCAB-3B32-6942-99B57D72F860}.Debug|Any CPU.Build.0 = Debug|Any CPU
		{6844C2DB-CCAB-3B32-6942-99B57D72F860}.Release|Any CPU.ActiveCfg = Release|Any CPU
		{6844C2DB-CCAB-3B32-6942-99B57D72F860}.Release|Any CPU.Build.0 = Release|Any CPU
	EndGlobalSection
	GlobalSection(SolutionProperties) = preSolution
		HideSolutionNode = FALSE
	EndGlobalSection
	GlobalSection(MonoDevelopProperties) = preSolution
		StartupItem = Assembly-CSharp.csproj
	EndGlobalSection
EndGlobal
